{
  "nodes": {
    "nix-maid": {
      "locked": {
        "lastModified": 1757070786,
        "narHash": "sha256-CD5lOndYyqeGWaH4MD/z5ZFMdcCzOudfuOdMw4MyVRk=",
        "owner": "viperML",
        "repo": "nix-maid",
        "rev": "e4682858e1643653e888d2555ef67a603374f0b9",
        "type": "github"
      },
      "original": {
        "owner": "viperML",
        "repo": "nix-maid",
        "type": "github"
      }
    },
    "nixpkgs": {
      "locked": {
        "lastModified": 1757068644,
        "narHash": "sha256-NOrUtIhTkIIumj1E/Rsv1J37Yi3xGStISEo8tZm3KW4=",
        "owner": "nixos",
        "repo": "nixpkgs",
        "rev": "8eb28adfa3dc4de28e792e3bf49fcf9007ca8ac9",
        "type": "github"
      },
      "original": {
        "owner": "nixos",
        "ref": "nixos-unstable",
        "repo": "nixpkgs",
        "type": "github"
      }
    },
    "root": {
      "inputs": {
        "nix-maid": "nix-maid",
        "nixpkgs": "nixpkgs"
      }
    }
  },
  "root": "root",
  "version": 7
}
